// !$*UTF8*$!
{
	archiveVersion = 1;
	classes = {
	};
	objectVersion = 56;
	objects = {

/* Begin PBXBuildFile section */
		A1857D7A2ACC523D00EE2396 /* ContentDetailView.swift in Sources */ = {isa = PBXBuildFile; fileRef = A1857D792ACC523D00EE2396 /* ContentDetailView.swift */; };
		A1857D7D2AD4976700EE2396 /* NavigationView.swift in Sources */ = {isa = PBXBuildFile; fileRef = A1857D7C2AD4976700EE2396 /* NavigationView.swift */; };
		A1857D802AD4995A00EE2396 /* Area.swift in Sources */ = {isa = PBXBuildFile; fileRef = A1857D7F2AD4995A00EE2396 /* Area.swift */; };
		A1857D822AD49AA800EE2396 /* DataModel.swift in Sources */ = {isa = PBXBuildFile; fileRef = A1857D812AD49AA800EE2396 /* DataModel.swift */; };
		A1857D842AD49CDF00EE2396 /* NavigationToAreas.swift in Sources */ = {isa = PBXBuildFile; fileRef = A1857D832AD49CDF00EE2396 /* NavigationToAreas.swift */; };
		A1857D8A2AD4B95A00EE2396 /* EarthView.swift in Sources */ = {isa = PBXBuildFile; fileRef = A1857D892AD4B95A00EE2396 /* EarthView.swift */; };
		A1C67D4D2AA0668C00886F82 /* RealityKitContent in Frameworks */ = {isa = PBXBuildFile; productRef = A1C67D4C2AA0668C00886F82 /* RealityKitContent */; };
		A1C67D4F2AA0668C00886F82 /* VisionPro_FunApp.swift in Sources */ = {isa = PBXBuildFile; fileRef = A1C67D4E2AA0668C00886F82 /* VisionPro_FunApp.swift */; };
		A1C67D512AA0668C00886F82 /* ContentView.swift in Sources */ = {isa = PBXBuildFile; fileRef = A1C67D502AA0668C00886F82 /* ContentView.swift */; };
		A1C67D532AA0668C00886F82 /* ImmersiveView.swift in Sources */ = {isa = PBXBuildFile; fileRef = A1C67D522AA0668C00886F82 /* ImmersiveView.swift */; };
		A1C67D552AA0668D00886F82 /* Assets.xcassets in Resources */ = {isa = PBXBuildFile; fileRef = A1C67D542AA0668D00886F82 /* Assets.xcassets */; };
		A1C67D582AA0668D00886F82 /* Preview Assets.xcassets in Resources */ = {isa = PBXBuildFile; fileRef = A1C67D572AA0668D00886F82 /* Preview Assets.xcassets */; };
		A1C67D632AA0668D00886F82 /* VisionPro_FunTests.swift in Sources */ = {isa = PBXBuildFile; fileRef = A1C67D622AA0668D00886F82 /* VisionPro_FunTests.swift */; };
/* End PBXBuildFile section */

/* Begin PBXContainerItemProxy section */
		A1C67D5F2AA0668D00886F82 /* PBXContainerItemProxy */ = {
			isa = PBXContainerItemProxy;
			containerPortal = A1C67D3F2AA0668C00886F82 /* Project object */;
			proxyType = 1;
			remoteGlobalIDString = A1C67D462AA0668C00886F82;
			remoteInfo = VisionPro_Fun;
		};
/* End PBXContainerItemProxy section */

/* Begin PBXFileReference section */
		A1857D792ACC523D00EE2396 /* ContentDetailView.swift */ = {isa = PBXFileReference; lastKnownFileType = sourcecode.swift; path = ContentDetailView.swift; sourceTree = "<group>"; };
		A1857D7C2AD4976700EE2396 /* NavigationView.swift */ = {isa = PBXFileReference; lastKnownFileType = sourcecode.swift; path = NavigationView.swift; sourceTree = "<group>"; };
		A1857D7F2AD4995A00EE2396 /* Area.swift */ = {isa = PBXFileReference; lastKnownFileType = sourcecode.swift; path = Area.swift; sourceTree = "<group>"; };
		A1857D812AD49AA800EE2396 /* DataModel.swift */ = {isa = PBXFileReference; lastKnownFileType = sourcecode.swift; path = DataModel.swift; sourceTree = "<group>"; };
		A1857D832AD49CDF00EE2396 /* NavigationToAreas.swift */ = {isa = PBXFileReference; lastKnownFileType = sourcecode.swift; path = NavigationToAreas.swift; sourceTree = "<group>"; };
		A1857D892AD4B95A00EE2396 /* EarthView.swift */ = {isa = PBXFileReference; lastKnownFileType = sourcecode.swift; path = EarthView.swift; sourceTree = "<group>"; };
		A1C67D472AA0668C00886F82 /* VisionPro_Fun.app */ = {isa = PBXFileReference; explicitFileType = wrapper.application; includeInIndex = 0; path = VisionPro_Fun.app; sourceTree = BUILT_PRODUCTS_DIR; };
		A1C67D4B2AA0668C00886F82 /* RealityKitContent */ = {isa = PBXFileReference; lastKnownFileType = wrapper; path = RealityKitContent; sourceTree = "<group>"; };
		A1C67D4E2AA0668C00886F82 /* VisionPro_FunApp.swift */ = {isa = PBXFileReference; lastKnownFileType = sourcecode.swift; path = VisionPro_FunApp.swift; sourceTree = "<group>"; };
		A1C67D502AA0668C00886F82 /* ContentView.swift */ = {isa = PBXFileReference; lastKnownFileType = sourcecode.swift; path = ContentView.swift; sourceTree = "<group>"; };
		A1C67D522AA0668C00886F82 /* ImmersiveView.swift */ = {isa = PBXFileReference; lastKnownFileType = sourcecode.swift; path = ImmersiveView.swift; sourceTree = "<group>"; };
		A1C67D542AA0668D00886F82 /* Assets.xcassets */ = {isa = PBXFileReference; lastKnownFileType = folder.assetcatalog; path = Assets.xcassets; sourceTree = "<group>"; };
		A1C67D572AA0668D00886F82 /* Preview Assets.xcassets */ = {isa = PBXFileReference; lastKnownFileType = folder.assetcatalog; path = "Preview Assets.xcassets"; sourceTree = "<group>"; };
		A1C67D592AA0668D00886F82 /* Info.plist */ = {isa = PBXFileReference; lastKnownFileType = text.plist.xml; path = Info.plist; sourceTree = "<group>"; };
		A1C67D5E2AA0668D00886F82 /* VisionPro_FunTests.xctest */ = {isa = PBXFileReference; explicitFileType = wrapper.cfbundle; includeInIndex = 0; path = VisionPro_FunTests.xctest; sourceTree = BUILT_PRODUCTS_DIR; };
		A1C67D622AA0668D00886F82 /* VisionPro_FunTests.swift */ = {isa = PBXFileReference; lastKnownFileType = sourcecode.swift; path = VisionPro_FunTests.swift; sourceTree = "<group>"; };
/* End PBXFileReference section */

/* Begin PBXFrameworksBuildPhase section */
		A1C67D442AA0668C00886F82 /* Frameworks */ = {
			isa = PBXFrameworksBuildPhase;
			buildActionMask = 2147483647;
			files = (
				A1C67D4D2AA0668C00886F82 /* RealityKitContent in Frameworks */,
			);
			runOnlyForDeploymentPostprocessing = 0;
		};
		A1C67D5B2AA0668D00886F82 /* Frameworks */ = {
			isa = PBXFrameworksBuildPhase;
			buildActionMask = 2147483647;
			files = (
			);
			runOnlyForDeploymentPostprocessing = 0;
		};
/* End PBXFrameworksBuildPhase section */

/* Begin PBXGroup section */
		A1857D7B2AD4971000EE2396 /* Views */ = {
			isa = PBXGroup;
			children = (
				A1857D7C2AD4976700EE2396 /* NavigationView.swift */,
				A1857D832AD49CDF00EE2396 /* NavigationToAreas.swift */,
				A1857D892AD4B95A00EE2396 /* EarthView.swift */,
			);
			path = Views;
			sourceTree = "<group>";
		};
		A1857D7E2AD4991C00EE2396 /* Models */ = {
			isa = PBXGroup;
			children = (
				A1857D7F2AD4995A00EE2396 /* Area.swift */,
				A1857D812AD49AA800EE2396 /* DataModel.swift */,
			);
			path = Models;
			sourceTree = "<group>";
		};
		A1C67D3E2AA0668C00886F82 = {
			isa = PBXGroup;
			children = (
				A1C67D492AA0668C00886F82 /* VisionPro_Fun */,
				A1C67D4A2AA0668C00886F82 /* Packages */,
				A1C67D612AA0668D00886F82 /* VisionPro_FunTests */,
				A1C67D482AA0668C00886F82 /* Products */,
			);
			sourceTree = "<group>";
		};
		A1C67D482AA0668C00886F82 /* Products */ = {
			isa = PBXGroup;
			children = (
				A1C67D472AA0668C00886F82 /* VisionPro_Fun.app */,
				A1C67D5E2AA0668D00886F82 /* VisionPro_FunTests.xctest */,
			);
			name = Products;
			sourceTree = "<group>";
		};
		A1C67D492AA0668C00886F82 /* VisionPro_Fun */ = {
			isa = PBXGroup;
			children = (
				A1C67D4E2AA0668C00886F82 /* VisionPro_FunApp.swift */,
				A1857D7B2AD4971000EE2396 /* Views */,
				A1857D7E2AD4991C00EE2396 /* Models */,
				A1C67D502AA0668C00886F82 /* ContentView.swift */,
				A1857D792ACC523D00EE2396 /* ContentDetailView.swift */,
				A1C67D522AA0668C00886F82 /* ImmersiveView.swift */,
				A1C67D542AA0668D00886F82 /* Assets.xcassets */,
				A1C67D592AA0668D00886F82 /* Info.plist */,
				A1C67D562AA0668D00886F82 /* Preview Content */,
			);
			path = VisionPro_Fun;
			sourceTree = "<group>";
		};
		A1C67D4A2AA0668C00886F82 /* Packages */ = {
			isa = PBXGroup;
			children = (
				A1C67D4B2AA0668C00886F82 /* RealityKitContent */,
			);
			path = Packages;
			sourceTree = "<group>";
		};
		A1C67D562AA0668D00886F82 /* Preview Content */ = {
			isa = PBXGroup;
			children = (
				A1C67D572AA0668D00886F82 /* Preview Assets.xcassets */,
			);
			path = "Preview Content";
			sourceTree = "<group>";
		};
		A1C67D612AA0668D00886F82 /* VisionPro_FunTests */ = {
			isa = PBXGroup;
			children = (
				A1C67D622AA0668D00886F82 /* VisionPro_FunTests.swift */,
			);
			path = VisionPro_FunTests;
			sourceTree = "<group>";
		};
/* End PBXGroup section */

/* Begin PBXNativeTarget section */
		A1C67D462AA0668C00886F82 /* VisionPro_Fun */ = {
			isa = PBXNativeTarget;
			buildConfigurationList = A1C67D662AA0668D00886F82 /* Build configuration list for PBXNativeTarget "VisionPro_Fun" */;
			buildPhases = (
				A1C67D432AA0668C00886F82 /* Sources */,
				A1C67D442AA0668C00886F82 /* Frameworks */,
				A1C67D452AA0668C00886F82 /* Resources */,
			);
			buildRules = (
			);
			dependencies = (
			);
			name = VisionPro_Fun;
			packageProductDependencies = (
				A1C67D4C2AA0668C00886F82 /* RealityKitContent */,
			);
			productName = VisionPro_Fun;
			productReference = A1C67D472AA0668C00886F82 /* VisionPro_Fun.app */;
			productType = "com.apple.product-type.application";
		};
		A1C67D5D2AA0668D00886F82 /* VisionPro_FunTests */ = {
			isa = PBXNativeTarget;
			buildConfigurationList = A1C67D692AA0668D00886F82 /* Build configuration list for PBXNativeTarget "VisionPro_FunTests" */;
			buildPhases = (
				A1C67D5A2AA0668D00886F82 /* Sources */,
				A1C67D5B2AA0668D00886F82 /* Frameworks */,
				A1C67D5C2AA0668D00886F82 /* Resources */,
			);
			buildRules = (
			);
			dependencies = (
				A1C67D602AA0668D00886F82 /* PBXTargetDependency */,
			);
			name = VisionPro_FunTests;
			productName = VisionPro_FunTests;
			productReference = A1C67D5E2AA0668D00886F82 /* VisionPro_FunTests.xctest */;
			productType = "com.apple.product-type.bundle.unit-test";
		};
/* End PBXNativeTarget section */

/* Begin PBXProject section */
		A1C67D3F2AA0668C00886F82 /* Project object */ = {
			isa = PBXProject;
			attributes = {
				BuildIndependentTargetsInParallel = 1;
				LastSwiftUpdateCheck = 1500;
				LastUpgradeCheck = 1500;
				TargetAttributes = {
					A1C67D462AA0668C00886F82 = {
						CreatedOnToolsVersion = 15.0;
					};
					A1C67D5D2AA0668D00886F82 = {
						CreatedOnToolsVersion = 15.0;
						TestTargetID = A1C67D462AA0668C00886F82;
					};
				};
			};
			buildConfigurationList = A1C67D422AA0668C00886F82 /* Build configuration list for PBXProject "VisionPro_Fun" */;
			compatibilityVersion = "Xcode 14.0";
			developmentRegion = en;
			hasScannedForEncodings = 0;
			knownRegions = (
				en,
				Base,
			);
			mainGroup = A1C67D3E2AA0668C00886F82;
			productRefGroup = A1C67D482AA0668C00886F82 /* Products */;
			projectDirPath = "";
			projectRoot = "";
			targets = (
				A1C67D462AA0668C00886F82 /* VisionPro_Fun */,
				A1C67D5D2AA0668D00886F82 /* VisionPro_FunTests */,
			);
		};
/* End PBXProject section */

/* Begin PBXResourcesBuildPhase section */
		A1C67D452AA0668C00886F82 /* Resources */ = {
			isa = PBXResourcesBuildPhase;
			buildActionMask = 2147483647;
			files = (
				A1C67D582AA0668D00886F82 /* Preview Assets.xcassets in Resources */,
				A1C67D552AA0668D00886F82 /* Assets.xcassets in Resources */,
			);
			runOnlyForDeploymentPostprocessing = 0;
		};
		A1C67D5C2AA0668D00886F82 /* Resources */ = {
			isa = PBXResourcesBuildPhase;
			buildActionMask = 2147483647;
			files = (
			);
			runOnlyForDeploymentPostprocessing = 0;
		};
/* End PBXResourcesBuildPhase section */

/* Begin PBXSourcesBuildPhase section */
		A1C67D432AA0668C00886F82 /* Sources */ = {
			isa = PBXSourcesBuildPhase;
			buildActionMask = 2147483647;
			files = (
				A1C67D512AA0668C00886F82 /* ContentView.swift in Sources */,
				A1857D8A2AD4B95A00EE2396 /* EarthView.swift in Sources */,
				A1857D842AD49CDF00EE2396 /* NavigationToAreas.swift in Sources */,
				A1857D7D2AD4976700EE2396 /* NavigationView.swift in Sources */,
				A1C67D4F2AA0668C00886F82 /* VisionPro_FunApp.swift in Sources */,
				A1C67D532AA0668C00886F82 /* ImmersiveView.swift in Sources */,
				A1857D802AD4995A00EE2396 /* Area.swift in Sources */,
				A1857D7A2ACC523D00EE2396 /* ContentDetailView.swift in Sources */,
				A1857D822AD49AA800EE2396 /* DataModel.swift in Sources */,
			);
			runOnlyForDeploymentPostprocessing = 0;
		};
		A1C67D5A2AA0668D00886F82 /* Sources */ = {
			isa = PBXSourcesBuildPhase;
			buildActionMask = 2147483647;
			files = (
				A1C67D632AA0668D00886F82 /* VisionPro_FunTests.swift in Sources */,
			);
			runOnlyForDeploymentPostprocessing = 0;
		};
/* End PBXSourcesBuildPhase section */

/* Begin PBXTargetDependency section */
		A1C67D602AA0668D00886F82 /* PBXTargetDependency */ = {
			isa = PBXTargetDependency;
			target = A1C67D462AA0668C00886F82 /* VisionPro_Fun */;
			targetProxy = A1C67D5F2AA0668D00886F82 /* PBXContainerItemProxy */;
		};
/* End PBXTargetDependency section */

/* Begin XCBuildConfiguration section */
		A1C67D642AA0668D00886F82 /* Debug */ = {
			isa = XCBuildConfiguration;
			buildSettings = {
				ALWAYS_SEARCH_USER_PATHS = NO;
				ASSETCATALOG_COMPILER_GENERATE_SWIFT_ASSET_SYMBOL_EXTENSIONS = YES;
				CLANG_ANALYZER_NONNULL = YES;
				CLANG_ANALYZER_NUMBER_OBJECT_CONVERSION = YES_AGGRESSIVE;
				CLANG_CXX_LANGUAGE_STANDARD = "gnu++20";
				CLANG_ENABLE_MODULES = YES;
				CLANG_ENABLE_OBJC_ARC = YES;
				CLANG_ENABLE_OBJC_WEAK = YES;
				CLANG_WARN_BLOCK_CAPTURE_AUTORELEASING = YES;
				CLANG_WARN_BOOL_CONVERSION = YES;
				CLANG_WARN_COMMA = YES;
				CLANG_WARN_CONSTANT_CONVERSION = YES;
				CLANG_WARN_DEPRECATED_OBJC_IMPLEMENTATIONS = YES;
				CLANG_WARN_DIRECT_OBJC_ISA_USAGE = YES_ERROR;
				CLANG_WARN_DOCUMENTATION_COMMENTS = YES;
				CLANG_WARN_EMPTY_BODY = YES;
				CLANG_WARN_ENUM_CONVERSION = YES;
				CLANG_WARN_INFINITE_RECURSION = YES;
				CLANG_WARN_INT_CONVERSION = YES;
				CLANG_WARN_NON_LITERAL_NULL_CONVERSION = YES;
				CLANG_WARN_OBJC_IMPLICIT_RETAIN_SELF = YES;
				CLANG_WARN_OBJC_LITERAL_CONVERSION = YES;
				CLANG_WARN_OBJC_ROOT_CLASS = YES_ERROR;
				CLANG_WARN_QUOTED_INCLUDE_IN_FRAMEWORK_HEADER = YES;
				CLANG_WARN_RANGE_LOOP_ANALYSIS = YES;
				CLANG_WARN_STRICT_PROTOTYPES = YES;
				CLANG_WARN_SUSPICIOUS_MOVE = YES;
				CLANG_WARN_UNGUARDED_AVAILABILITY = YES_AGGRESSIVE;
				CLANG_WARN_UNREACHABLE_CODE = YES;
				CLANG_WARN__DUPLICATE_METHOD_MATCH = YES;
				COPY_PHASE_STRIP = NO;
				DEBUG_INFORMATION_FORMAT = dwarf;
				ENABLE_STRICT_OBJC_MSGSEND = YES;
				ENABLE_TESTABILITY = YES;
				ENABLE_USER_SCRIPT_SANDBOXING = YES;
				GCC_C_LANGUAGE_STANDARD = gnu17;
				GCC_DYNAMIC_NO_PIC = NO;
				GCC_NO_COMMON_BLOCKS = YES;
				GCC_OPTIMIZATION_LEVEL = 0;
				GCC_PREPROCESSOR_DEFINITIONS = (
					"DEBUG=1",
					"$(inherited)",
				);
				GCC_WARN_64_TO_32_BIT_CONVERSION = YES;
				GCC_WARN_ABOUT_RETURN_TYPE = YES_ERROR;
				GCC_WARN_UNDECLARED_SELECTOR = YES;
				GCC_WARN_UNINITIALIZED_AUTOS = YES_AGGRESSIVE;
				GCC_WARN_UNUSED_FUNCTION = YES;
				GCC_WARN_UNUSED_VARIABLE = YES;
				LOCALIZATION_PREFERS_STRING_CATALOGS = YES;
				MTL_ENABLE_DEBUG_INFO = INCLUDE_SOURCE;
				MTL_FAST_MATH = YES;
				ONLY_ACTIVE_ARCH = YES;
				SDKROOT = xros;
				SWIFT_ACTIVE_COMPILATION_CONDITIONS = "DEBUG $(inherited)";
				SWIFT_OPTIMIZATION_LEVEL = "-Onone";
				XROS_DEPLOYMENT_TARGET = 1.0;
			};
			name = Debug;
		};
		A1C67D652AA0668D00886F82 /* Release */ = {
			isa = XCBuildConfiguration;
			buildSettings = {
				ALWAYS_SEARCH_USER_PATHS = NO;
				ASSETCATALOG_COMPILER_GENERATE_SWIFT_ASSET_SYMBOL_EXTENSIONS = YES;
				CLANG_ANALYZER_NONNULL = YES;
				CLANG_ANALYZER_NUMBER_OBJECT_CONVERSION = YES_AGGRESSIVE;
				CLANG_CXX_LANGUAGE_STANDARD = "gnu++20";
				CLANG_ENABLE_MODULES = YES;
				CLANG_ENABLE_OBJC_ARC = YES;
				CLANG_ENABLE_OBJC_WEAK = YES;
				CLANG_WARN_BLOCK_CAPTURE_AUTORELEASING = YES;
				CLANG_WARN_BOOL_CONVERSION = YES;
				CLANG_WARN_COMMA = YES;
				CLANG_WARN_CONSTANT_CONVERSION = YES;
				CLANG_WARN_DEPRECATED_OBJC_IMPLEMENTATIONS = YES;
				CLANG_WARN_DIRECT_OBJC_ISA_USAGE = YES_ERROR;
				CLANG_WARN_DOCUMENTATION_COMMENTS = YES;
				CLANG_WARN_EMPTY_BODY = YES;
				CLANG_WARN_ENUM_CONVERSION = YES;
				CLANG_WARN_INFINITE_RECURSION = YES;
				CLANG_WARN_INT_CONVERSION = YES;
				CLANG_WARN_NON_LITERAL_NULL_CONVERSION = YES;
				CLANG_WARN_OBJC_IMPLICIT_RETAIN_SELF = YES;
				CLANG_WARN_OBJC_LITERAL_CONVERSION = YES;
				CLANG_WARN_OBJC_ROOT_CLASS = YES_ERROR;
				CLANG_WARN_QUOTED_INCLUDE_IN_FRAMEWORK_HEADER = YES;
				CLANG_WARN_RANGE_LOOP_ANALYSIS = YES;
				CLANG_WARN_STRICT_PROTOTYPES = YES;
				CLANG_WARN_SUSPICIOUS_MOVE = YES;
				CLANG_WARN_UNGUARDED_AVAILABILITY = YES_AGGRESSIVE;
				CLANG_WARN_UNREACHABLE_CODE = YES;
				CLANG_WARN__DUPLICATE_METHOD_MATCH = YES;
				COPY_PHASE_STRIP = NO;
				DEBUG_INFORMATION_FORMAT = "dwarf-with-dsym";
				ENABLE_NS_ASSERTIONS = NO;
				ENABLE_STRICT_OBJC_MSGSEND = YES;
				ENABLE_USER_SCRIPT_SANDBOXING = YES;
				GCC_C_LANGUAGE_STANDARD = gnu17;
				GCC_NO_COMMON_BLOCKS = YES;
				GCC_WARN_64_TO_32_BIT_CONVERSION = YES;
				GCC_WARN_ABOUT_RETURN_TYPE = YES_ERROR;
				GCC_WARN_UNDECLARED_SELECTOR = YES;
				GCC_WARN_UNINITIALIZED_AUTOS = YES_AGGRESSIVE;
				GCC_WARN_UNUSED_FUNCTION = YES;
				GCC_WARN_UNUSED_VARIABLE = YES;
				LOCALIZATION_PREFERS_STRING_CATALOGS = YES;
				MTL_ENABLE_DEBUG_INFO = NO;
				MTL_FAST_MATH = YES;
				SDKROOT = xros;
				SWIFT_COMPILATION_MODE = wholemodule;
				VALIDATE_PRODUCT = YES;
				XROS_DEPLOYMENT_TARGET = 1.0;
			};
			name = Release;
		};
		A1C67D672AA0668D00886F82 /* Debug */ = {
			isa = XCBuildConfiguration;
			buildSettings = {
				ASSETCATALOG_COMPILER_APPICON_NAME = AppIcon;
				ASSETCATALOG_COMPILER_GLOBAL_ACCENT_COLOR_NAME = AccentColor;
				CODE_SIGN_STYLE = Automatic;
				CURRENT_PROJECT_VERSION = 1;
				DEVELOPMENT_ASSET_PATHS = "\"VisionPro_Fun/Preview Content\"";
				DEVELOPMENT_TEAM = TCLYR7X32M;
				ENABLE_PREVIEWS = YES;
				GENERATE_INFOPLIST_FILE = YES;
				INFOPLIST_FILE = "$(TARGET_NAME)/Info.plist";
				LD_RUNPATH_SEARCH_PATHS = (
					"$(inherited)",
					"@executable_path/Frameworks",
				);
				MARKETING_VERSION = 1.0;
				PRODUCT_BUNDLE_IDENTIFIER = "com.reesenet.VisionPro-Fun";
				PRODUCT_NAME = "$(TARGET_NAME)";
				SUPPORTED_PLATFORMS = "xros xrsimulator";
				SWIFT_EMIT_LOC_STRINGS = YES;
				SWIFT_VERSION = 5.0;
				TARGETED_DEVICE_FAMILY = "1,2,7";
			};
			name = Debug;
		};
		A1C67D682AA0668D00886F82 /* Release */ = {
			isa = XCBuildConfiguration;
			buildSettings = {
				ASSETCATALOG_COMPILER_APPICON_NAME = AppIcon;
				ASSETCATALOG_COMPILER_GLOBAL_ACCENT_COLOR_NAME = AccentColor;
				CODE_SIGN_STYLE = Automatic;
				CURRENT_PROJECT_VERSION = 1;
				DEVELOPMENT_ASSET_PATHS = "\"VisionPro_Fun/Preview Content\"";
				DEVELOPMENT_TEAM = TCLYR7X32M;
				ENABLE_PREVIEWS = YES;
				GENERATE_INFOPLIST_FILE = YES;
				INFOPLIST_FILE = "$(TARGET_NAME)/Info.plist";
				LD_RUNPATH_SEARCH_PATHS = (
					"$(inherited)",
					"@executable_path/Frameworks",
				);
				MARKETING_VERSION = 1.0;
				PRODUCT_BUNDLE_IDENTIFIER = "com.reesenet.VisionPro-Fun";
				PRODUCT_NAME = "$(TARGET_NAME)";
				SUPPORTED_PLATFORMS = "xros xrsimulator";
				SWIFT_EMIT_LOC_STRINGS = YES;
				SWIFT_VERSION = 5.0;
				TARGETED_DEVICE_FAMILY = "1,2,7";
			};
			name = Release;
		};
		A1C67D6A2AA0668D00886F82 /* Debug */ = {
			isa = XCBuildConfiguration;
			buildSettings = {
				ALWAYS_EMBED_SWIFT_STANDARD_LIBRARIES = YES;
				BUNDLE_LOADER = "$(TEST_HOST)";
				CODE_SIGN_STYLE = Automatic;
				CURRENT_PROJECT_VERSION = 1;
				DEVELOPMENT_TEAM = TCLYR7X32M;
				GENERATE_INFOPLIST_FILE = YES;
				MARKETING_VERSION = 1.0;
				PRODUCT_BUNDLE_IDENTIFIER = "com.reesenet.VisionPro-FunTests";
				PRODUCT_NAME = "$(TARGET_NAME)";
				SUPPORTED_PLATFORMS = "xros xrsimulator";
				SWIFT_EMIT_LOC_STRINGS = NO;
				SWIFT_VERSION = 5.0;
				TARGETED_DEVICE_FAMILY = "1,2,7";
				TEST_HOST = "$(BUILT_PRODUCTS_DIR)/VisionPro_Fun.app/$(BUNDLE_EXECUTABLE_FOLDER_PATH)/VisionPro_Fun";
				XROS_DEPLOYMENT_TARGET = 1.0;
			};
			name = Debug;
		};
		A1C67D6B2AA0668D00886F82 /* Release */ = {
			isa = XCBuildConfiguration;
			buildSettings = {
				ALWAYS_EMBED_SWIFT_STANDARD_LIBRARIES = YES;
				BUNDLE_LOADER = "$(TEST_HOST)";
				CODE_SIGN_STYLE = Automatic;
				CURRENT_PROJECT_VERSION = 1;
				DEVELOPMENT_TEAM = TCLYR7X32M;
				GENERATE_INFOPLIST_FILE = YES;
				MARKETING_VERSION = 1.0;
				PRODUCT_BUNDLE_IDENTIFIER = "com.reesenet.VisionPro-FunTests";
				PRODUCT_NAME = "$(TARGET_NAME)";
				SUPPORTED_PLATFORMS = "xros xrsimulator";
				SWIFT_EMIT_LOC_STRINGS = NO;
				SWIFT_VERSION = 5.0;
				TARGETED_DEVICE_FAMILY = "1,2,7";
				TEST_HOST = "$(BUILT_PRODUCTS_DIR)/VisionPro_Fun.app/$(BUNDLE_EXECUTABLE_FOLDER_PATH)/VisionPro_Fun";
				XROS_DEPLOYMENT_TARGET = 1.0;
			};
			name = Release;
		};
/* End XCBuildConfiguration section */

/* Begin XCConfigurationList section */
		A1C67D422AA0668C00886F82 /* Build configuration list for PBXProject "VisionPro_Fun" */ = {
			isa = XCConfigurationList;
			buildConfigurations = (
				A1C67D642AA0668D00886F82 /* Debug */,
				A1C67D652AA0668D00886F82 /* Release */,
			);
			defaultConfigurationIsVisible = 0;
			defaultConfigurationName = Release;
		};
		A1C67D662AA0668D00886F82 /* Build configuration list for PBXNativeTarget "VisionPro_Fun" */ = {
			isa = XCConfigurationList;
			buildConfigurations = (
				A1C67D672AA0668D00886F82 /* Debug */,
				A1C67D682AA0668D00886F82 /* Release */,
			);
			defaultConfigurationIsVisible = 0;
			defaultConfigurationName = Release;
		};
		A1C67D692AA0668D00886F82 /* Build configuration list for PBXNativeTarget "VisionPro_FunTests" */ = {
			isa = XCConfigurationList;
			buildConfigurations = (
				A1C67D6A2AA0668D00886F82 /* Debug */,
				A1C67D6B2AA0668D00886F82 /* Release */,
			);
			defaultConfigurationIsVisible = 0;
			defaultConfigurationName = Release;
		};
/* End XCConfigurationList section */

/* Begin XCSwiftPackageProductDependency section */
		A1C67D4C2AA0668C00886F82 /* RealityKitContent */ = {
			isa = XCSwiftPackageProductDependency;
			productName = RealityKitContent;
		};
/* End XCSwiftPackageProductDependency section */
	};
	rootObject = A1C67D3F2AA0668C00886F82 /* Project object */;
}
